
Microsoft Visual Studio Solution File, Format Version 12.00
# Visual Studio Version 17
VisualStudioVersion = 17.11.35219.272
MinimumVisualStudioVersion = 10.0.40219.1
Project("{9A19103F-16F7-4668-BE54-9A1E7A4F7556}") = "ProjectPIU_ver1.0", "ProjectPIU_ver1.0\ProjectPIU_ver1.0.csproj", "{59D67CDA-5FF6-421B-A186-B2CB2784EC1D}"
EndProject
Project("{9A19103F-16F7-4668-BE54-9A1E7A4F7556}") = "LibrarieModele", "Activitate\LibrarieModele.csproj", "{0A1149A6-EB7C-4B57-B4AE-4247386771A6}"
EndProject
Project("{9A19103F-16F7-4668-BE54-9A1E7A4F7556}") = "NivelStocareDate", "StocareOrar\NivelStocareDate.csproj", "{F9C99B18-D30E-488C-8D4D-E57F1D20F6A5}"
EndProject
Global
	GlobalSection(SolutionConfigurationPlatforms) = preSolution
		Debug|Any CPU = Debug|Any CPU
		Release|Any CPU = Release|Any CPU
	EndGlobalSection
	GlobalSection(ProjectConfigurationPlatforms) = postSolution
		{59D67CDA-5FF6-421B-A186-B2CB2784EC1D}.Debug|Any CPU.ActiveCfg = Debug|Any CPU
		{59D67CDA-5FF6-421B-A186-B2CB2784EC1D}.Debug|Any CPU.Build.0 = Debug|Any CPU
		{59D67CDA-5FF6-421B-A186-B2CB2784EC1D}.Release|Any CPU.ActiveCfg = Release|Any CPU
		{59D67CDA-5FF6-421B-A186-B2CB2784EC1D}.Release|Any CPU.Build.0 = Release|Any CPU
		{0A1149A6-EB7C-4B57-B4AE-4247386771A6}.Debug|Any CPU.ActiveCfg = Debug|Any CPU
		{0A1149A6-EB7C-4B57-B4AE-4247386771A6}.Debug|Any CPU.Build.0 = Debug|Any CPU
		{0A1149A6-EB7C-4B57-B4AE-4247386771A6}.Release|Any CPU.ActiveCfg = Release|Any CPU
		{0A1149A6-EB7C-4B57-B4AE-4247386771A6}.Release|Any CPU.Build.0 = Release|Any CPU
		{F9C99B18-D30E-488C-8D4D-E57F1D20F6A5}.Debug|Any CPU.ActiveCfg = Debug|Any CPU
		{F9C99B18-D30E-488C-8D4D-E57F1D20F6A5}.Debug|Any CPU.Build.0 = Debug|Any CPU
		{F9C99B18-D30E-488C-8D4D-E57F1D20F6A5}.Release|Any CPU.ActiveCfg = Release|Any CPU
		{F9C99B18-D30E-488C-8D4D-E57F1D20F6A5}.Release|Any CPU.Build.0 = Release|Any CPU
	EndGlobalSection
	GlobalSection(SolutionProperties) = preSolution
		HideSolutionNode = FALSE
	EndGlobalSection
	GlobalSection(ExtensibilityGlobals) = postSolution
		SolutionGuid = {0FA7F34A-85B6-4115-9459-85093D00999D}
	EndGlobalSection
EndGlobal
